
Microsoft Visual Studio Solution File, Format Version 12.00
# Visual Studio Version 17
VisualStudioVersion = 17.5.33516.290
MinimumVisualStudioVersion = 10.0.40219.1
Project("{FAE04EC0-301F-11D3-BF4B-00C04F79EFBC}") = "eCommerceBuilder", "eCommerceBuilder\eCommerceBuilder.csproj", "{974F7442-5EC5-4F31-AA3A-E2F1BC0BF838}"
EndProject
Global
	GlobalSection(SolutionConfigurationPlatforms) = preSolution
		Debug|Any CPU = Debug|Any CPU
		Release|Any CPU = Release|Any CPU
	EndGlobalSection
	GlobalSection(ProjectConfigurationPlatforms) = postSolution
		{974F7442-5EC5-4F31-AA3A-E2F1BC0BF838}.Debug|Any CPU.ActiveCfg = Debug|Any CPU
		{974F7442-5EC5-4F31-AA3A-E2F1BC0BF838}.Debug|Any CPU.Build.0 = Debug|Any CPU
		{974F7442-5EC5-4F31-AA3A-E2F1BC0BF838}.Release|Any CPU.ActiveCfg = Release|Any CPU
		{974F7442-5EC5-4F31-AA3A-E2F1BC0BF838}.Release|Any CPU.Build.0 = Release|Any CPU
	EndGlobalSection
	GlobalSection(SolutionProperties) = preSolution
		HideSolutionNode = FALSE
	EndGlobalSection
	GlobalSection(ExtensibilityGlobals) = postSolution
		SolutionGuid = {26805F58-0A55-4237-B197-A43C1BD06B7C}
	EndGlobalSection
EndGlobal
